
Microsoft Visual Studio Solution File, Format Version 12.00
# Visual Studio 15
VisualStudioVersion = 15.0.27130.2010
MinimumVisualStudioVersion = 10.0.40219.1
Project("{FAE04EC0-301F-11D3-BF4B-00C04F79EFBC}") = "JobSearch", "JobSearch\JobSearch.csproj", "{F69F055F-2A74-4C78-8030-84DDB7F7C943}"
EndProject
Global
	GlobalSection(SolutionConfigurationPlatforms) = preSolution
		Debug|Any CPU = Debug|Any CPU
		Release|Any CPU = Release|Any CPU
	EndGlobalSection
	GlobalSection(ProjectConfigurationPlatforms) = postSolution
		{F69F055F-2A74-4C78-8030-84DDB7F7C943}.Debug|Any CPU.ActiveCfg = Debug|Any CPU
		{F69F055F-2A74-4C78-8030-84DDB7F7C943}.Debug|Any CPU.Build.0 = Debug|Any CPU
		{F69F055F-2A74-4C78-8030-84DDB7F7C943}.Release|Any CPU.ActiveCfg = Release|Any CPU
		{F69F055F-2A74-4C78-8030-84DDB7F7C943}.Release|Any CPU.Build.0 = Release|Any CPU
	EndGlobalSection
	GlobalSection(SolutionProperties) = preSolution
		HideSolutionNode = FALSE
	EndGlobalSection
	GlobalSection(ExtensibilityGlobals) = postSolution
		SolutionGuid = {17D48AFB-0A5A-4943-837E-D2BA6F59C07C}
	EndGlobalSection
EndGlobal
